
Microsoft Visual Studio Solution File, Format Version 12.00
# Visual Studio Version 17
VisualStudioVersion = 17.0.31903.59
MinimumVisualStudioVersion = 10.0.40219.1
Project("{FAE04EC0-301F-11D3-BF4B-00C04F79EFBC}") = "BusinessEkassir", "InterFaceEkassir\BusinessEkassir.csproj", "{1E0A3796-BA1D-4154-9B48-B7C8F6822CC0}"
EndProject
Project("{FAE04EC0-301F-11D3-BF4B-00C04F79EFBC}") = "zTestGateWay", "TestGateWay\zTestGateWay.csproj", "{63167D51-7ED9-4165-99A9-ED362D25F336}"
EndProject
Global
	GlobalSection(SolutionConfigurationPlatforms) = preSolution
		Debug|Any CPU = Debug|Any CPU
		Release|Any CPU = Release|Any CPU
	EndGlobalSection
	GlobalSection(ProjectConfigurationPlatforms) = postSolution
		{1E0A3796-BA1D-4154-9B48-B7C8F6822CC0}.Debug|Any CPU.ActiveCfg = Debug|Any CPU
		{1E0A3796-BA1D-4154-9B48-B7C8F6822CC0}.Debug|Any CPU.Build.0 = Debug|Any CPU
		{1E0A3796-BA1D-4154-9B48-B7C8F6822CC0}.Release|Any CPU.ActiveCfg = Release|Any CPU
		{1E0A3796-BA1D-4154-9B48-B7C8F6822CC0}.Release|Any CPU.Build.0 = Release|Any CPU
		{63167D51-7ED9-4165-99A9-ED362D25F336}.Debug|Any CPU.ActiveCfg = Debug|Any CPU
		{63167D51-7ED9-4165-99A9-ED362D25F336}.Debug|Any CPU.Build.0 = Debug|Any CPU
		{63167D51-7ED9-4165-99A9-ED362D25F336}.Release|Any CPU.ActiveCfg = Release|Any CPU
		{63167D51-7ED9-4165-99A9-ED362D25F336}.Release|Any CPU.Build.0 = Release|Any CPU
	EndGlobalSection
	GlobalSection(SolutionProperties) = preSolution
		HideSolutionNode = FALSE
	EndGlobalSection
	GlobalSection(ExtensibilityGlobals) = postSolution
		SolutionGuid = {3984D231-413A-473B-98DF-1FD6849EEA47}
	EndGlobalSection
EndGlobal
